
Microsoft Visual Studio Solution File, Format Version 12.00
# Visual Studio 2013
VisualStudioVersion = 12.0.21005.1
MinimumVisualStudioVersion = 10.0.40219.1
Project("{00D1A9C2-B5F0-4AF3-8072-F6C62B433612}") = "SQLSkyline", "SQLSkyline\SQLSkyline.sqlproj", "{C0006FB5-527B-4812-8E5C-9B2CBA268B59}"
EndProject
Project("{FAE04EC0-301F-11D3-BF4B-00C04F79EFBC}") = "SQLParser", "SQLParser\SQLParser.csproj", "{125A1438-E65A-4F43-A9EC-23A7BC7E68D7}"
EndProject
Project("{FAE04EC0-301F-11D3-BF4B-00C04F79EFBC}") = "SQLParserTest", "SQLParserTest\SQLParserTest.csproj", "{A16FED8B-5148-43FD-9A94-B795457346CC}"
EndProject
Project("{2150E333-8FDC-42A3-9474-1A3956D46DE8}") = ".nuget", ".nuget", "{DF70305D-0BED-4FC4-B5CC-C9FC591C8819}"
	ProjectSection(SolutionItems) = preProject
		.nuget\NuGet.Config = .nuget\NuGet.Config
		.nuget\NuGet.exe = .nuget\NuGet.exe
		.nuget\NuGet.targets = .nuget\NuGet.targets
	EndProjectSection
EndProject
Project("{FAE04EC0-301F-11D3-BF4B-00C04F79EFBC}") = "Utility", "Utility\Utility.csproj", "{B8B93B25-2B92-414A-9ADA-15C345DB0217}"
EndProject
Project("{2150E333-8FDC-42A3-9474-1A3956D46DE8}") = "Solution Items", "Solution Items", "{C8D9D2BF-1CDE-4BC3-AA54-9946FC4E080F}"
	ProjectSection(SolutionItems) = preProject
		Performance1.psess = Performance1.psess
		Performance2.psess = Performance2.psess
	EndProjectSection
EndProject
Global
	GlobalSection(SolutionConfigurationPlatforms) = preSolution
		Debug|Any CPU = Debug|Any CPU
		Release|Any CPU = Release|Any CPU
	EndGlobalSection
	GlobalSection(ProjectConfigurationPlatforms) = postSolution
		{C0006FB5-527B-4812-8E5C-9B2CBA268B59}.Debug|Any CPU.ActiveCfg = Debug|Any CPU
		{C0006FB5-527B-4812-8E5C-9B2CBA268B59}.Debug|Any CPU.Build.0 = Debug|Any CPU
		{C0006FB5-527B-4812-8E5C-9B2CBA268B59}.Debug|Any CPU.Deploy.0 = Debug|Any CPU
		{C0006FB5-527B-4812-8E5C-9B2CBA268B59}.Release|Any CPU.ActiveCfg = Release|Any CPU
		{C0006FB5-527B-4812-8E5C-9B2CBA268B59}.Release|Any CPU.Build.0 = Release|Any CPU
		{C0006FB5-527B-4812-8E5C-9B2CBA268B59}.Release|Any CPU.Deploy.0 = Release|Any CPU
		{125A1438-E65A-4F43-A9EC-23A7BC7E68D7}.Debug|Any CPU.ActiveCfg = Debug|Any CPU
		{125A1438-E65A-4F43-A9EC-23A7BC7E68D7}.Debug|Any CPU.Build.0 = Debug|Any CPU
		{125A1438-E65A-4F43-A9EC-23A7BC7E68D7}.Release|Any CPU.ActiveCfg = Release|Any CPU
		{125A1438-E65A-4F43-A9EC-23A7BC7E68D7}.Release|Any CPU.Build.0 = Release|Any CPU
		{A16FED8B-5148-43FD-9A94-B795457346CC}.Debug|Any CPU.ActiveCfg = Debug|Any CPU
		{A16FED8B-5148-43FD-9A94-B795457346CC}.Debug|Any CPU.Build.0 = Debug|Any CPU
		{A16FED8B-5148-43FD-9A94-B795457346CC}.Release|Any CPU.ActiveCfg = Release|Any CPU
		{A16FED8B-5148-43FD-9A94-B795457346CC}.Release|Any CPU.Build.0 = Release|Any CPU
		{B8B93B25-2B92-414A-9ADA-15C345DB0217}.Debug|Any CPU.ActiveCfg = Debug|Any CPU
		{B8B93B25-2B92-414A-9ADA-15C345DB0217}.Debug|Any CPU.Build.0 = Debug|Any CPU
		{B8B93B25-2B92-414A-9ADA-15C345DB0217}.Release|Any CPU.ActiveCfg = Release|Any CPU
		{B8B93B25-2B92-414A-9ADA-15C345DB0217}.Release|Any CPU.Build.0 = Release|Any CPU
	EndGlobalSection
	GlobalSection(SolutionProperties) = preSolution
		HideSolutionNode = FALSE
	EndGlobalSection
EndGlobal
